# THIS IS AN AUTOGENERATED FILE. DO NOT EDIT THIS FILE DIRECTLY.
# yarn lockfile v1


"@babel/runtime@^7.3.1":
  version "7.7.6"
  resolved "https://registry.yarnpkg.com/@babel/runtime/-/runtime-7.7.6.tgz#d18c511121aff1b4f2cd1d452f1bac9601dd830f"
  integrity sha512-BWAJxpNVa0QlE5gZdWjSxXtemZyZ9RmrmVozxt3NUXeZhVIJ5ANyqmMc0JDrivBZyxUuQvFxlvH4OWWOogGfUw==
  dependencies:
    regenerator-runtime "^0.13.2"

"@types/node@^12.12.18":
  version "12.12.18"
  resolved "https://registry.yarnpkg.com/@types/node/-/node-12.12.18.tgz#8d16634797d63c2af5bc647ce879f8de20b56469"
  integrity sha512-DBkZuIMFuAfjJHiunyRc+aNvmXYNwV1IPMgGKGlwCp6zh6MKrVtmvjSWK/axWcD25KJffkXgkfvFra8ndenXAw==

i18next@^19.0.2:
  version "19.0.2"
  resolved "https://registry.yarnpkg.com/i18next/-/i18next-19.0.2.tgz#d72502ef031403572703f2e9f013cae005265444"
  integrity sha512-fBa43Ann2udP1CQAz3IQpOZ1dGAkmi3mMfzisOhH17igneSRbvZ7P2RNbL+L1iRYKMufBmVwnC7G3gqcyviZ9g==
  dependencies:
    "@babel/runtime" "^7.3.1"

regenerator-runtime@^0.13.2:
  version "0.13.3"
  resolved "https://registry.yarnpkg.com/regenerator-runtime/-/regenerator-runtime-0.13.3.tgz#7cf6a77d8f5c6f60eb73c5fc1955b2ceb01e6bf5"
  integrity sha512-naKIZz2GQ8JWh///G7L3X6LaQUAMp2lvb1rvwwsURe/VXwD6VMfr+/1NuNw3ag8v2kY1aQ/go5SNn79O9JU7yw==

typescript@^3.7.3:
  version "3.7.3"
  resolved "https://registry.yarnpkg.com/typescript/-/typescript-3.7.3.tgz#b36840668a16458a7025b9eabfad11b66ab85c69"
  integrity sha512-Mcr/Qk7hXqFBXMN7p7Lusj1ktCBydylfQM/FZCk5glCNQJrCUKPkMHdo9R0MTFWsC/4kPFvDS0fDPvukfCkFsw==
